
Microsoft Visual Studio Solution File, Format Version 12.00
# Visual Studio Version 17
VisualStudioVersion = 17.3.32825.248
MinimumVisualStudioVersion = 10.0.40219.1
Project("{FAE04EC0-301F-11D3-BF4B-00C04F79EFBC}") = "StudentSurvey", "StudentSurvey\StudentSurvey.csproj", "{15AC0BAF-FFDB-4645-A347-29AD87083AF0}"
EndProject
Global
	GlobalSection(SolutionConfigurationPlatforms) = preSolution
		Debug|Any CPU = Debug|Any CPU
		Release|Any CPU = Release|Any CPU
	EndGlobalSection
	GlobalSection(ProjectConfigurationPlatforms) = postSolution
		{15AC0BAF-FFDB-4645-A347-29AD87083AF0}.Debug|Any CPU.ActiveCfg = Debug|Any CPU
		{15AC0BAF-FFDB-4645-A347-29AD87083AF0}.Debug|Any CPU.Build.0 = Debug|Any CPU
		{15AC0BAF-FFDB-4645-A347-29AD87083AF0}.Release|Any CPU.ActiveCfg = Release|Any CPU
		{15AC0BAF-FFDB-4645-A347-29AD87083AF0}.Release|Any CPU.Build.0 = Release|Any CPU
	EndGlobalSection
	GlobalSection(SolutionProperties) = preSolution
		HideSolutionNode = FALSE
	EndGlobalSection
	GlobalSection(ExtensibilityGlobals) = postSolution
		SolutionGuid = {8906C37A-9A80-4AE6-8DD9-810D64E171D2}
	EndGlobalSection
EndGlobal
